
Microsoft Visual Studio Solution File, Format Version 12.00
Project("{FAE04EC0-301F-11D3-BF4B-00C04F79EFBC}") = "TicTacToe.Api", "TicTacToe.Api\TicTacToe.Api.csproj", "{302C765E-C4BC-4986-881C-2DA79EA8A79B}"
EndProject
Project("{FAE04EC0-301F-11D3-BF4B-00C04F79EFBC}") = "TicTacToe.Domain", "TicTacToe.Domain\TicTacToe.Domain.csproj", "{EE828904-6D89-45AE-B3D9-6A440A993C8C}"
EndProject
Project("{FAE04EC0-301F-11D3-BF4B-00C04F79EFBC}") = "TicTacToe.Interfaces", "TicTacToe.Interfaces\TicTacToe.Interfaces.csproj", "{AE8B8FA1-20C8-4F80-86D5-A03C49060783}"
EndProject
Project("{FAE04EC0-301F-11D3-BF4B-00C04F79EFBC}") = "TicTacToe.Application", "TicTacToe.Application\TicTacToe.Application.csproj", "{6F77C793-458E-49AF-A443-2D8F80EDA9FD}"
EndProject
Project("{FAE04EC0-301F-11D3-BF4B-00C04F79EFBC}") = "TicTacToe.Background", "TicTacToe.Background\TicTacToe.Background.csproj", "{1FBE6633-EBDD-4D3F-B6B3-6E539E74341A}"
EndProject
Project("{FAE04EC0-301F-11D3-BF4B-00C04F79EFBC}") = "TicTacToe.Infrastructure", "TicTacToe.Infrastructure\TicTacToe.Infrastructure.csproj", "{A491D511-6FBD-4760-B05D-35C72389BAF2}"
EndProject
Global
	GlobalSection(SolutionConfigurationPlatforms) = preSolution
		Debug|Any CPU = Debug|Any CPU
		Release|Any CPU = Release|Any CPU
	EndGlobalSection
	GlobalSection(ProjectConfigurationPlatforms) = postSolution
		{302C765E-C4BC-4986-881C-2DA79EA8A79B}.Debug|Any CPU.ActiveCfg = Debug|Any CPU
		{302C765E-C4BC-4986-881C-2DA79EA8A79B}.Debug|Any CPU.Build.0 = Debug|Any CPU
		{302C765E-C4BC-4986-881C-2DA79EA8A79B}.Release|Any CPU.ActiveCfg = Release|Any CPU
		{302C765E-C4BC-4986-881C-2DA79EA8A79B}.Release|Any CPU.Build.0 = Release|Any CPU
		{EE828904-6D89-45AE-B3D9-6A440A993C8C}.Debug|Any CPU.ActiveCfg = Debug|Any CPU
		{EE828904-6D89-45AE-B3D9-6A440A993C8C}.Debug|Any CPU.Build.0 = Debug|Any CPU
		{EE828904-6D89-45AE-B3D9-6A440A993C8C}.Release|Any CPU.ActiveCfg = Release|Any CPU
		{EE828904-6D89-45AE-B3D9-6A440A993C8C}.Release|Any CPU.Build.0 = Release|Any CPU
		{AE8B8FA1-20C8-4F80-86D5-A03C49060783}.Debug|Any CPU.ActiveCfg = Debug|Any CPU
		{AE8B8FA1-20C8-4F80-86D5-A03C49060783}.Debug|Any CPU.Build.0 = Debug|Any CPU
		{AE8B8FA1-20C8-4F80-86D5-A03C49060783}.Release|Any CPU.ActiveCfg = Release|Any CPU
		{AE8B8FA1-20C8-4F80-86D5-A03C49060783}.Release|Any CPU.Build.0 = Release|Any CPU
		{6F77C793-458E-49AF-A443-2D8F80EDA9FD}.Debug|Any CPU.ActiveCfg = Debug|Any CPU
		{6F77C793-458E-49AF-A443-2D8F80EDA9FD}.Debug|Any CPU.Build.0 = Debug|Any CPU
		{6F77C793-458E-49AF-A443-2D8F80EDA9FD}.Release|Any CPU.ActiveCfg = Release|Any CPU
		{6F77C793-458E-49AF-A443-2D8F80EDA9FD}.Release|Any CPU.Build.0 = Release|Any CPU
		{1FBE6633-EBDD-4D3F-B6B3-6E539E74341A}.Debug|Any CPU.ActiveCfg = Debug|Any CPU
		{1FBE6633-EBDD-4D3F-B6B3-6E539E74341A}.Debug|Any CPU.Build.0 = Debug|Any CPU
		{1FBE6633-EBDD-4D3F-B6B3-6E539E74341A}.Release|Any CPU.ActiveCfg = Release|Any CPU
		{1FBE6633-EBDD-4D3F-B6B3-6E539E74341A}.Release|Any CPU.Build.0 = Release|Any CPU
		{A491D511-6FBD-4760-B05D-35C72389BAF2}.Debug|Any CPU.ActiveCfg = Debug|Any CPU
		{A491D511-6FBD-4760-B05D-35C72389BAF2}.Debug|Any CPU.Build.0 = Debug|Any CPU
		{A491D511-6FBD-4760-B05D-35C72389BAF2}.Release|Any CPU.ActiveCfg = Release|Any CPU
		{A491D511-6FBD-4760-B05D-35C72389BAF2}.Release|Any CPU.Build.0 = Release|Any CPU
	EndGlobalSection
EndGlobal
